
Microsoft Visual Studio Solution File, Format Version 12.00
# Visual Studio Version 16
VisualStudioVersion = 16.0.29306.81
MinimumVisualStudioVersion = 10.0.40219.1
Project("{FAE04EC0-301F-11D3-BF4B-00C04F79EFBC}") = "WebApplication1", "WebApplication1\WebApplication1.csproj", "{A6E8B5D4-EE2B-461A-92E1-2BBEDA9E2249}"
EndProject
Global
	GlobalSection(SolutionConfigurationPlatforms) = preSolution
		Debug|Any CPU = Debug|Any CPU
		Release|Any CPU = Release|Any CPU
	EndGlobalSection
	GlobalSection(ProjectConfigurationPlatforms) = postSolution
		{A6E8B5D4-EE2B-461A-92E1-2BBEDA9E2249}.Debug|Any CPU.ActiveCfg = Debug|Any CPU
		{A6E8B5D4-EE2B-461A-92E1-2BBEDA9E2249}.Debug|Any CPU.Build.0 = Debug|Any CPU
		{A6E8B5D4-EE2B-461A-92E1-2BBEDA9E2249}.Release|Any CPU.ActiveCfg = Release|Any CPU
		{A6E8B5D4-EE2B-461A-92E1-2BBEDA9E2249}.Release|Any CPU.Build.0 = Release|Any CPU
	EndGlobalSection
	GlobalSection(SolutionProperties) = preSolution
		HideSolutionNode = FALSE
	EndGlobalSection
	GlobalSection(ExtensibilityGlobals) = postSolution
		SolutionGuid = {E9DB9842-0F0F-4173-B4EE-1C848FD9B63F}
	EndGlobalSection
EndGlobal
